
Microsoft Visual Studio Solution File, Format Version 12.00
# Visual Studio Version 16
VisualStudioVersion = 16.0.29728.190
MinimumVisualStudioVersion = 10.0.40219.1
Project("{8BC9CEB8-8B4A-11D0-8D11-00A0C91BC942}") = "Bootstrap", "bootstrap\Bootstrap.vcxproj", "{AF59BB0B-E059-4773-83DC-728A949647DA}"
EndProject
Project("{8BC9CEB8-8B4A-11D0-8D11-00A0C91BC942}") = "Project2D", "Project2D\Project2D.vcxproj", "{3F428D0C-1CC8-47C3-818A-A3C2972C74C9}"
	ProjectSection(ProjectDependencies) = postProject
		{AF59BB0B-E059-4773-83DC-728A949647DA} = {AF59BB0B-E059-4773-83DC-728A949647DA}
	EndProjectSection
EndProject
Project("{8BC9CEB8-8B4A-11D0-8D11-00A0C91BC942}") = "Project3D", "Project3D\Project3D.vcxproj", "{EA21C4DF-E331-4FCF-8513-14A3F56B77F3}"
	ProjectSection(ProjectDependencies) = postProject
		{AF59BB0B-E059-4773-83DC-728A949647DA} = {AF59BB0B-E059-4773-83DC-728A949647DA}
	EndProjectSection
EndProject
Project("{8BC9CEB8-8B4A-11D0-8D11-00A0C91BC942}") = "Breakout", "Breakout\Breakout.vcxproj", "{DEA49362-B428-4215-8D64-4EA0B4FF0858}"
	ProjectSection(ProjectDependencies) = postProject
		{AF59BB0B-E059-4773-83DC-728A949647DA} = {AF59BB0B-E059-4773-83DC-728A949647DA}
	EndProjectSection
EndProject
Project("{8BC9CEB8-8B4A-11D0-8D11-00A0C91BC942}") = "FixedTimeStep", "FixedTimeStep\FixedTimeStep.vcxproj", "{93E49DB0-C196-4A79-8D8B-89AE5825763F}"
	ProjectSection(ProjectDependencies) = postProject
		{AF59BB0B-E059-4773-83DC-728A949647DA} = {AF59BB0B-E059-4773-83DC-728A949647DA}
	EndProjectSection
EndProject
Project("{8BC9CEB8-8B4A-11D0-8D11-00A0C91BC942}") = "LinearForceAndMomentum", "LinearForceAndMomentum\LinearForceAndMomentum.vcxproj", "{4D238B86-337D-48C1-B2A9-7AA9051958EA}"
	ProjectSection(ProjectDependencies) = postProject
		{AF59BB0B-E059-4773-83DC-728A949647DA} = {AF59BB0B-E059-4773-83DC-728A949647DA}
	EndProjectSection
EndProject
Project("{8BC9CEB8-8B4A-11D0-8D11-00A0C91BC942}") = "ProjectilePhysics", "ProjectilePhysics\ProjectilePhysics.vcxproj", "{DD8E7D8C-B699-45AF-AA38-6ED8988BB211}"
	ProjectSection(ProjectDependencies) = postProject
		{AF59BB0B-E059-4773-83DC-728A949647DA} = {AF59BB0B-E059-4773-83DC-728A949647DA}
	EndProjectSection
EndProject
Project("{8BC9CEB8-8B4A-11D0-8D11-00A0C91BC942}") = "Collision Detection", "Collision Detection\Collision Detection.vcxproj", "{E8B75481-3BDE-4809-B569-0F907CE6547C}"
EndProject
Global
	GlobalSection(SolutionConfigurationPlatforms) = preSolution
		Debug|x64 = Debug|x64
		Debug|x86 = Debug|x86
		Release|x64 = Release|x64
		Release|x86 = Release|x86
	EndGlobalSection
	GlobalSection(ProjectConfigurationPlatforms) = postSolution
		{AF59BB0B-E059-4773-83DC-728A949647DA}.Debug|x64.ActiveCfg = Debug|x64
		{AF59BB0B-E059-4773-83DC-728A949647DA}.Debug|x64.Build.0 = Debug|x64
		{AF59BB0B-E059-4773-83DC-728A949647DA}.Debug|x86.ActiveCfg = Debug|Win32
		{AF59BB0B-E059-4773-83DC-728A949647DA}.Debug|x86.Build.0 = Debug|Win32
		{AF59BB0B-E059-4773-83DC-728A949647DA}.Release|x64.ActiveCfg = Release|x64
		{AF59BB0B-E059-4773-83DC-728A949647DA}.Release|x64.Build.0 = Release|x64
		{AF59BB0B-E059-4773-83DC-728A949647DA}.Release|x86.ActiveCfg = Release|Win32
		{AF59BB0B-E059-4773-83DC-728A949647DA}.Release|x86.Build.0 = Release|Win32
		{3F428D0C-1CC8-47C3-818A-A3C2972C74C9}.Debug|x64.ActiveCfg = Debug|x64
		{3F428D0C-1CC8-47C3-818A-A3C2972C74C9}.Debug|x64.Build.0 = Debug|x64
		{3F428D0C-1CC8-47C3-818A-A3C2972C74C9}.Debug|x86.ActiveCfg = Debug|Win32
		{3F428D0C-1CC8-47C3-818A-A3C2972C74C9}.Debug|x86.Build.0 = Debug|Win32
		{3F428D0C-1CC8-47C3-818A-A3C2972C74C9}.Release|x64.ActiveCfg = Release|x64
		{3F428D0C-1CC8-47C3-818A-A3C2972C74C9}.Release|x64.Build.0 = Release|x64
		{3F428D0C-1CC8-47C3-818A-A3C2972C74C9}.Release|x86.ActiveCfg = Release|Win32
		{3F428D0C-1CC8-47C3-818A-A3C2972C74C9}.Release|x86.Build.0 = Release|Win32
		{EA21C4DF-E331-4FCF-8513-14A3F56B77F3}.Debug|x64.ActiveCfg = Debug|x64
		{EA21C4DF-E331-4FCF-8513-14A3F56B77F3}.Debug|x64.Build.0 = Debug|x64
		{EA21C4DF-E331-4FCF-8513-14A3F56B77F3}.Debug|x86.ActiveCfg = Debug|Win32
		{EA21C4DF-E331-4FCF-8513-14A3F56B77F3}.Debug|x86.Build.0 = Debug|Win32
		{EA21C4DF-E331-4FCF-8513-14A3F56B77F3}.Release|x64.ActiveCfg = Release|x64
		{EA21C4DF-E331-4FCF-8513-14A3F56B77F3}.Release|x64.Build.0 = Release|x64
		{EA21C4DF-E331-4FCF-8513-14A3F56B77F3}.Release|x86.ActiveCfg = Release|Win32
		{EA21C4DF-E331-4FCF-8513-14A3F56B77F3}.Release|x86.Build.0 = Release|Win32
		{DEA49362-B428-4215-8D64-4EA0B4FF0858}.Debug|x64.ActiveCfg = Debug|x64
		{DEA49362-B428-4215-8D64-4EA0B4FF0858}.Debug|x64.Build.0 = Debug|x64
		{DEA49362-B428-4215-8D64-4EA0B4FF0858}.Debug|x86.ActiveCfg = Debug|Win32
		{DEA49362-B428-4215-8D64-4EA0B4FF0858}.Debug|x86.Build.0 = Debug|Win32
		{DEA49362-B428-4215-8D64-4EA0B4FF0858}.Release|x64.ActiveCfg = Release|x64
		{DEA49362-B428-4215-8D64-4EA0B4FF0858}.Release|x64.Build.0 = Release|x64
		{DEA49362-B428-4215-8D64-4EA0B4FF0858}.Release|x86.ActiveCfg = Release|Win32
		{DEA49362-B428-4215-8D64-4EA0B4FF0858}.Release|x86.Build.0 = Release|Win32
		{93E49DB0-C196-4A79-8D8B-89AE5825763F}.Debug|x64.ActiveCfg = Debug|x64
		{93E49DB0-C196-4A79-8D8B-89AE5825763F}.Debug|x64.Build.0 = Debug|x64
		{93E49DB0-C196-4A79-8D8B-89AE5825763F}.Debug|x86.ActiveCfg = Debug|Win32
		{93E49DB0-C196-4A79-8D8B-89AE5825763F}.Debug|x86.Build.0 = Debug|Win32
		{93E49DB0-C196-4A79-8D8B-89AE5825763F}.Release|x64.ActiveCfg = Release|x64
		{93E49DB0-C196-4A79-8D8B-89AE5825763F}.Release|x64.Build.0 = Release|x64
		{93E49DB0-C196-4A79-8D8B-89AE5825763F}.Release|x86.ActiveCfg = Release|Win32
		{93E49DB0-C196-4A79-8D8B-89AE5825763F}.Release|x86.Build.0 = Release|Win32
		{4D238B86-337D-48C1-B2A9-7AA9051958EA}.Debug|x64.ActiveCfg = Debug|x64
		{4D238B86-337D-48C1-B2A9-7AA9051958EA}.Debug|x64.Build.0 = Debug|x64
		{4D238B86-337D-48C1-B2A9-7AA9051958EA}.Debug|x86.ActiveCfg = Debug|Win32
		{4D238B86-337D-48C1-B2A9-7AA9051958EA}.Debug|x86.Build.0 = Debug|Win32
		{4D238B86-337D-48C1-B2A9-7AA9051958EA}.Release|x64.ActiveCfg = Release|x64
		{4D238B86-337D-48C1-B2A9-7AA9051958EA}.Release|x64.Build.0 = Release|x64
		{4D238B86-337D-48C1-B2A9-7AA9051958EA}.Release|x86.ActiveCfg = Release|Win32
		{4D238B86-337D-48C1-B2A9-7AA9051958EA}.Release|x86.Build.0 = Release|Win32
		{DD8E7D8C-B699-45AF-AA38-6ED8988BB211}.Debug|x64.ActiveCfg = Debug|x64
		{DD8E7D8C-B699-45AF-AA38-6ED8988BB211}.Debug|x64.Build.0 = Debug|x64
		{DD8E7D8C-B699-45AF-AA38-6ED8988BB211}.Debug|x86.ActiveCfg = Debug|Win32
		{DD8E7D8C-B699-45AF-AA38-6ED8988BB211}.Debug|x86.Build.0 = Debug|Win32
		{DD8E7D8C-B699-45AF-AA38-6ED8988BB211}.Release|x64.ActiveCfg = Release|x64
		{DD8E7D8C-B699-45AF-AA38-6ED8988BB211}.Release|x64.Build.0 = Release|x64
		{DD8E7D8C-B699-45AF-AA38-6ED8988BB211}.Release|x86.ActiveCfg = Release|Win32
		{DD8E7D8C-B699-45AF-AA38-6ED8988BB211}.Release|x86.Build.0 = Release|Win32
		{E8B75481-3BDE-4809-B569-0F907CE6547C}.Debug|x64.ActiveCfg = Debug|x64
		{E8B75481-3BDE-4809-B569-0F907CE6547C}.Debug|x64.Build.0 = Debug|x64
		{E8B75481-3BDE-4809-B569-0F907CE6547C}.Debug|x86.ActiveCfg = Debug|Win32
		{E8B75481-3BDE-4809-B569-0F907CE6547C}.Debug|x86.Build.0 = Debug|Win32
		{E8B75481-3BDE-4809-B569-0F907CE6547C}.Release|x64.ActiveCfg = Release|x64
		{E8B75481-3BDE-4809-B569-0F907CE6547C}.Release|x64.Build.0 = Release|x64
		{E8B75481-3BDE-4809-B569-0F907CE6547C}.Release|x86.ActiveCfg = Release|Win32
		{E8B75481-3BDE-4809-B569-0F907CE6547C}.Release|x86.Build.0 = Release|Win32
	EndGlobalSection
	GlobalSection(SolutionProperties) = preSolution
		HideSolutionNode = FALSE
	EndGlobalSection
	GlobalSection(ExtensibilityGlobals) = postSolution
		SolutionGuid = {4FD54035-2DC6-4C84-95D0-CB38465E2EFD}
	EndGlobalSection
EndGlobal
